<Solution>
  <Folder Name="/src/">
    <Project Path="src/Hammer5Tools.Core/Hammer5Tools.Core.csproj" />
    <Project Path="src/Hammer5Tools.Infrastructure/Hammer5Tools.Infrastructure.csproj" />
    <Project Path="src/Hammer5Tools.App/Hammer5Tools.App.csproj" />
    <Project Path="src/Hammer5Tools.Cli/Hammer5Tools.Cli.csproj" />
  </Folder>
  <Folder Name="/third_party/">
    <Project Path="third_party/CS2WorkshopManager/Steamworks/Steamworks.csproj" />
    <Project Path="third_party/CS2WorkshopManager/CS2WorkshopManager/CS2WorkshopManager.csproj" />
    <Project Path="third_party/CS2WorkshopManager/GUI/GUI.csproj" />
  </Folder>
  <Folder Name="/tests/">
    <Project Path="tests/Hammer5Tools.App.Tests/Hammer5Tools.App.Tests.csproj" />
    <Project Path="tests/Hammer5Tools.Core.Tests/Hammer5Tools.Core.Tests.csproj" />
    <Project Path="tests/Hammer5Tools.IntegrationTests/Hammer5Tools.IntegrationTests.csproj" />
  </Folder>
</Solution>
