<Solution>
  <Project Path="CLI/Hammer5Tools.Cli.csproj" />
  <Project Path="Core/Hammer5Tools.Core.csproj" />
  <Project Path="GUI/Hammer5Tools.App.csproj" />
  <Folder Name="/Workshop/">
    <Project Path="Workshop/Steamworks/Steamworks.csproj" />
    <Project Path="Workshop/CS2WorkshopManager/CS2WorkshopManager.csproj" />
    <Project Path="Workshop/GUI/GUI.csproj" />
  </Folder>
  <Folder Name="/Tests/">
    <Project Path="Tests/Hammer5Tools.SmartProp.Tests/Hammer5Tools.SmartProp.Tests.csproj" />
    <Project Path="Tests/Hammer5Tools.App.Tests/Hammer5Tools.App.Tests.csproj" />
    <Project Path="Tests/Hammer5Tools.Core.Tests/Hammer5Tools.Core.Tests.csproj" />
    <Project Path="Tests/Hammer5Tools.IntegrationTests/Hammer5Tools.IntegrationTests.csproj" />
  </Folder>
</Solution>
