<Solution>
  <Project Path="CLI/Hammer5Tools.Cli.csproj" />
  <Folder Name="/Core/">
    <Project Path="Core/Hammer5Tools.Core.csproj" />
    <Project Path="Core/Steamworks/Steamworks.csproj" />
    <Project Path="Core/CS2WorkshopManager/CS2WorkshopManager.csproj" />
  </Folder>
  <Folder Name="/GUI/">
    <Project Path="GUI/Hammer5Tools.csproj" />
    <Project Path="GUI/CS2WorkshopManager/GUI.csproj" />
  </Folder>
  <Folder Name="/Tests/">
    <Project Path="Tests/Hammer5Tools.SmartProp.Tests/Hammer5Tools.SmartProp.Tests.csproj" />
    <Project Path="Tests/Hammer5Tools.App.Tests/Hammer5Tools.App.Tests.csproj" />
    <Project Path="Tests/Hammer5Tools.Core.Tests/Hammer5Tools.Core.Tests.csproj" />
    <Project Path="Tests/Hammer5Tools.IntegrationTests/Hammer5Tools.IntegrationTests.csproj" />
  </Folder>
</Solution>
