<Solution>
  <Configurations>
    <Platform Name="Any CPU" />
    <Platform Name="x64" />
    <Platform Name="x86" />
  </Configurations>
  <Project Path="../../Tests/Hammer5Tools.NativeAot.Tests/Hammer5Tools.Core.Tests.csproj" />
  <Project Path="Hammer5Tools.Core.csproj" />
  <Project Path="../../Tests/SourcePorter.Core.Tests/SourcePorter.Core.Tests.csproj" />
</Solution>
