
Microsoft Visual Studio Solution File, Format Version 12.00
# Visual Studio Version 17
VisualStudioVersion = 17.0.31903.59
MinimumVisualStudioVersion = 10.0.40219.1
Project("{FAE04EC0-301F-11D3-BF4B-00C04F79EFBC}") = "SourcePorter.Core", "SourcePorter.Core\SourcePorter.Core.csproj", "{5FD619EE-60F5-4A9F-9301-96258E53A728}"
EndProject
Project("{FAE04EC0-301F-11D3-BF4B-00C04F79EFBC}") = "SourcePorter.Core.Tests", "SourcePorter.Core.Tests\SourcePorter.Core.Tests.csproj", "{63E26E84-1634-4209-9F31-7C522E4E0B2B}"
EndProject
Project("{FAE04EC0-301F-11D3-BF4B-00C04F79EFBC}") = "UnrealBridge", "UnrealBridge\UnrealBridge.csproj", "{F1A62DB5-74D2-49BC-8D28-2B3E107ABF46}"
EndProject
Global
	GlobalSection(SolutionConfigurationPlatforms) = preSolution
		Debug|Any CPU = Debug|Any CPU
		Debug|x64 = Debug|x64
		Debug|x86 = Debug|x86
		Release|Any CPU = Release|Any CPU
		Release|x64 = Release|x64
		Release|x86 = Release|x86
	EndGlobalSection
	GlobalSection(ProjectConfigurationPlatforms) = postSolution
		{5FD619EE-60F5-4A9F-9301-96258E53A728}.Debug|Any CPU.ActiveCfg = Debug|Any CPU
		{5FD619EE-60F5-4A9F-9301-96258E53A728}.Debug|Any CPU.Build.0 = Debug|Any CPU
		{5FD619EE-60F5-4A9F-9301-96258E53A728}.Debug|x64.ActiveCfg = Debug|Any CPU
		{5FD619EE-60F5-4A9F-9301-96258E53A728}.Debug|x64.Build.0 = Debug|Any CPU
		{5FD619EE-60F5-4A9F-9301-96258E53A728}.Debug|x86.ActiveCfg = Debug|Any CPU
		{5FD619EE-60F5-4A9F-9301-96258E53A728}.Debug|x86.Build.0 = Debug|Any CPU
		{5FD619EE-60F5-4A9F-9301-96258E53A728}.Release|Any CPU.ActiveCfg = Release|Any CPU
		{5FD619EE-60F5-4A9F-9301-96258E53A728}.Release|Any CPU.Build.0 = Release|Any CPU
		{5FD619EE-60F5-4A9F-9301-96258E53A728}.Release|x64.ActiveCfg = Release|Any CPU
		{5FD619EE-60F5-4A9F-9301-96258E53A728}.Release|x64.Build.0 = Release|Any CPU
		{5FD619EE-60F5-4A9F-9301-96258E53A728}.Release|x86.ActiveCfg = Release|Any CPU
		{5FD619EE-60F5-4A9F-9301-96258E53A728}.Release|x86.Build.0 = Release|Any CPU
		{63E26E84-1634-4209-9F31-7C522E4E0B2B}.Debug|Any CPU.ActiveCfg = Debug|Any CPU
		{63E26E84-1634-4209-9F31-7C522E4E0B2B}.Debug|Any CPU.Build.0 = Debug|Any CPU
		{63E26E84-1634-4209-9F31-7C522E4E0B2B}.Debug|x64.ActiveCfg = Debug|Any CPU
		{63E26E84-1634-4209-9F31-7C522E4E0B2B}.Debug|x64.Build.0 = Debug|Any CPU
		{63E26E84-1634-4209-9F31-7C522E4E0B2B}.Debug|x86.ActiveCfg = Debug|Any CPU
		{63E26E84-1634-4209-9F31-7C522E4E0B2B}.Debug|x86.Build.0 = Debug|Any CPU
		{63E26E84-1634-4209-9F31-7C522E4E0B2B}.Release|Any CPU.ActiveCfg = Release|Any CPU
		{63E26E84-1634-4209-9F31-7C522E4E0B2B}.Release|Any CPU.Build.0 = Release|Any CPU
		{63E26E84-1634-4209-9F31-7C522E4E0B2B}.Release|x64.ActiveCfg = Release|Any CPU
		{63E26E84-1634-4209-9F31-7C522E4E0B2B}.Release|x64.Build.0 = Release|Any CPU
		{63E26E84-1634-4209-9F31-7C522E4E0B2B}.Release|x86.ActiveCfg = Release|Any CPU
		{63E26E84-1634-4209-9F31-7C522E4E0B2B}.Release|x86.Build.0 = Release|Any CPU
		{F1A62DB5-74D2-49BC-8D28-2B3E107ABF46}.Debug|Any CPU.ActiveCfg = Debug|Any CPU
		{F1A62DB5-74D2-49BC-8D28-2B3E107ABF46}.Debug|Any CPU.Build.0 = Debug|Any CPU
		{F1A62DB5-74D2-49BC-8D28-2B3E107ABF46}.Debug|x64.ActiveCfg = Debug|Any CPU
		{F1A62DB5-74D2-49BC-8D28-2B3E107ABF46}.Debug|x64.Build.0 = Debug|Any CPU
		{F1A62DB5-74D2-49BC-8D28-2B3E107ABF46}.Debug|x86.ActiveCfg = Debug|Any CPU
		{F1A62DB5-74D2-49BC-8D28-2B3E107ABF46}.Debug|x86.Build.0 = Debug|Any CPU
		{F1A62DB5-74D2-49BC-8D28-2B3E107ABF46}.Release|Any CPU.ActiveCfg = Release|Any CPU
		{F1A62DB5-74D2-49BC-8D28-2B3E107ABF46}.Release|Any CPU.Build.0 = Release|Any CPU
		{F1A62DB5-74D2-49BC-8D28-2B3E107ABF46}.Release|x64.ActiveCfg = Release|Any CPU
		{F1A62DB5-74D2-49BC-8D28-2B3E107ABF46}.Release|x64.Build.0 = Release|Any CPU
		{F1A62DB5-74D2-49BC-8D28-2B3E107ABF46}.Release|x86.ActiveCfg = Release|Any CPU
		{F1A62DB5-74D2-49BC-8D28-2B3E107ABF46}.Release|x86.Build.0 = Release|Any CPU
	EndGlobalSection
	GlobalSection(SolutionProperties) = preSolution
		HideSolutionNode = FALSE
	EndGlobalSection
EndGlobal
